
Microsoft Visual Studio Solution File, Format Version 12.00
# Visual Studio 2013
VisualStudioVersion = 12.0.21005.1
MinimumVisualStudioVersion = 10.0.40219.1
Project("{FAE04EC0-301F-11D3-BF4B-00C04F79EFBC}") = "WMS", "WMS\WMS.csproj", "{2DB9A0D2-B856-4920-BCA5-8F941639C30B}"
EndProject
Project("{FAE04EC0-301F-11D3-BF4B-00C04F79EFBC}") = "Model", "Model\Model.csproj", "{8CF7DB3D-D103-4E29-AEC6-760CA75188CF}"
EndProject
Project("{FAE04EC0-301F-11D3-BF4B-00C04F79EFBC}") = "BLL", "BLL\BLL.csproj", "{4B3DE970-8EAE-4450-9845-58634474B212}"
EndProject
Project("{FAE04EC0-301F-11D3-BF4B-00C04F79EFBC}") = "DAL", "DAL\DAL.csproj", "{BC25D809-7154-4949-B65A-05878C33FA54}"
EndProject
Project("{FAE04EC0-301F-11D3-BF4B-00C04F79EFBC}") = "Common", "Common\Common.csproj", "{560CDD96-207E-4E4B-8EB3-1D5A8EB0AF27}"
EndProject
Project("{FAE04EC0-301F-11D3-BF4B-00C04F79EFBC}") = "PageModel", "PageModel\PageModel.csproj", "{F5B520B2-3421-4CFB-A33F-3516DC13AC0C}"
EndProject
Project("{FAE04EC0-301F-11D3-BF4B-00C04F79EFBC}") = "DalFactory", "DalFactory\DalFactory.csproj", "{6F46D37E-E8E8-4096-A8B8-1A7BA17BF07A}"
EndProject
Project("{FAE04EC0-301F-11D3-BF4B-00C04F79EFBC}") = "IDAL", "IDAL\IDAL.csproj", "{A59EED80-0A97-49B2-A92E-87C86AD6637A}"
EndProject
Global
	GlobalSection(SolutionConfigurationPlatforms) = preSolution
		Debug|Any CPU = Debug|Any CPU
		Release|Any CPU = Release|Any CPU
	EndGlobalSection
	GlobalSection(ProjectConfigurationPlatforms) = postSolution
		{2DB9A0D2-B856-4920-BCA5-8F941639C30B}.Debug|Any CPU.ActiveCfg = Debug|Any CPU
		{2DB9A0D2-B856-4920-BCA5-8F941639C30B}.Debug|Any CPU.Build.0 = Debug|Any CPU
		{2DB9A0D2-B856-4920-BCA5-8F941639C30B}.Release|Any CPU.ActiveCfg = Release|Any CPU
		{2DB9A0D2-B856-4920-BCA5-8F941639C30B}.Release|Any CPU.Build.0 = Release|Any CPU
		{8CF7DB3D-D103-4E29-AEC6-760CA75188CF}.Debug|Any CPU.ActiveCfg = Debug|Any CPU
		{8CF7DB3D-D103-4E29-AEC6-760CA75188CF}.Debug|Any CPU.Build.0 = Debug|Any CPU
		{8CF7DB3D-D103-4E29-AEC6-760CA75188CF}.Release|Any CPU.ActiveCfg = Release|Any CPU
		{8CF7DB3D-D103-4E29-AEC6-760CA75188CF}.Release|Any CPU.Build.0 = Release|Any CPU
		{4B3DE970-8EAE-4450-9845-58634474B212}.Debug|Any CPU.ActiveCfg = Debug|Any CPU
		{4B3DE970-8EAE-4450-9845-58634474B212}.Debug|Any CPU.Build.0 = Debug|Any CPU
		{4B3DE970-8EAE-4450-9845-58634474B212}.Release|Any CPU.ActiveCfg = Release|Any CPU
		{4B3DE970-8EAE-4450-9845-58634474B212}.Release|Any CPU.Build.0 = Release|Any CPU
		{BC25D809-7154-4949-B65A-05878C33FA54}.Debug|Any CPU.ActiveCfg = Debug|Any CPU
		{BC25D809-7154-4949-B65A-05878C33FA54}.Debug|Any CPU.Build.0 = Debug|Any CPU
		{BC25D809-7154-4949-B65A-05878C33FA54}.Release|Any CPU.ActiveCfg = Release|Any CPU
		{BC25D809-7154-4949-B65A-05878C33FA54}.Release|Any CPU.Build.0 = Release|Any CPU
		{560CDD96-207E-4E4B-8EB3-1D5A8EB0AF27}.Debug|Any CPU.ActiveCfg = Debug|Any CPU
		{560CDD96-207E-4E4B-8EB3-1D5A8EB0AF27}.Debug|Any CPU.Build.0 = Debug|Any CPU
		{560CDD96-207E-4E4B-8EB3-1D5A8EB0AF27}.Release|Any CPU.ActiveCfg = Release|Any CPU
		{560CDD96-207E-4E4B-8EB3-1D5A8EB0AF27}.Release|Any CPU.Build.0 = Release|Any CPU
		{F5B520B2-3421-4CFB-A33F-3516DC13AC0C}.Debug|Any CPU.ActiveCfg = Debug|Any CPU
		{F5B520B2-3421-4CFB-A33F-3516DC13AC0C}.Debug|Any CPU.Build.0 = Debug|Any CPU
		{F5B520B2-3421-4CFB-A33F-3516DC13AC0C}.Release|Any CPU.ActiveCfg = Release|Any CPU
		{F5B520B2-3421-4CFB-A33F-3516DC13AC0C}.Release|Any CPU.Build.0 = Release|Any CPU
		{6F46D37E-E8E8-4096-A8B8-1A7BA17BF07A}.Debug|Any CPU.ActiveCfg = Debug|Any CPU
		{6F46D37E-E8E8-4096-A8B8-1A7BA17BF07A}.Debug|Any CPU.Build.0 = Debug|Any CPU
		{6F46D37E-E8E8-4096-A8B8-1A7BA17BF07A}.Release|Any CPU.ActiveCfg = Release|Any CPU
		{6F46D37E-E8E8-4096-A8B8-1A7BA17BF07A}.Release|Any CPU.Build.0 = Release|Any CPU
		{A59EED80-0A97-49B2-A92E-87C86AD6637A}.Debug|Any CPU.ActiveCfg = Debug|Any CPU
		{A59EED80-0A97-49B2-A92E-87C86AD6637A}.Debug|Any CPU.Build.0 = Debug|Any CPU
		{A59EED80-0A97-49B2-A92E-87C86AD6637A}.Release|Any CPU.ActiveCfg = Release|Any CPU
		{A59EED80-0A97-49B2-A92E-87C86AD6637A}.Release|Any CPU.Build.0 = Release|Any CPU
	EndGlobalSection
	GlobalSection(SolutionProperties) = preSolution
		HideSolutionNode = FALSE
	EndGlobalSection
EndGlobal
